{
  "name": "sillibi-stencil",
  "version": "0.0.1",
  "lockfileVersion": 1,
  "requires": true,
  "dependencies": {
    "@ionic/core": {
      "version": "4.10.0",
      "resolved": "https://registry.npmjs.org/@ionic/core/-/core-4.10.0.tgz",
      "integrity": "sha512-uMlOVqd5+Ar3H1ubr5eOTI4mSoB2+BTiDG/onFUFnGOM6LE5Ui6eSgAYzkZm51euBJzMnGXHCtVh42DPive98w==",
      "requires": {
        "ionicons": "^4.6.3",
        "tslib": "^1.10.0"
      }
    },
    "@stencil/core": {
      "version": "1.5.4",
      "resolved": "https://registry.npmjs.org/@stencil/core/-/core-1.5.4.tgz",
      "integrity": "sha512-DReXOvKYr34b0uzg/AncMAnSP99QvS2Zj+VQ8WcZSy+UMLCzUm5myU4cXaw/ToUrlwnjr2sjOzmnIBRUfiQ2qg==",
      "dev": true,
      "requires": {
        "typescript": "3.6.3"
      }
    },
    "ionicons": {
      "version": "4.6.3",
      "resolved": "https://registry.npmjs.org/ionicons/-/ionicons-4.6.3.tgz",
      "integrity": "sha512-cgP+VIr2cTJpMfFyVHTerq6n2jeoiGboVoe3GlaAo5zoSBDAEXORwUZhv6m+lCyxlsHCS3nqPUE+MKyZU71t8Q=="
    },
    "tslib": {
      "version": "1.10.0",
      "resolved": "https://registry.npmjs.org/tslib/-/tslib-1.10.0.tgz",
      "integrity": "sha512-qOebF53frne81cf0S9B41ByenJ3/IuH8yJKngAX35CmiZySA0khhkovshKK+jGCaMnVomla7gVlIcc3EvKPbTQ=="
    },
    "typescript": {
      "version": "3.6.3",
      "resolved": "https://registry.npmjs.org/typescript/-/typescript-3.6.3.tgz",
      "integrity": "sha512-N7bceJL1CtRQ2RiG0AQME13ksR7DiuQh/QehubYcghzv20tnh+MQnQIuJddTmsbqYj+dztchykemz0zFzlvdQw==",
      "dev": true
    },
    "underscore": {
      "version": "1.9.1",
      "resolved": "https://registry.npmjs.org/underscore/-/underscore-1.9.1.tgz",
      "integrity": "sha512-5/4etnCkd9c8gwgowi5/om/mYO5ajCaOgdzj/oW+0eQV9WxKBDZw5+ycmKmeaTXjInS/W0BzpGLo2xR2aBwZdg=="
    }
  }
}
